lockfileVersion: '9.0'

settings:
  autoInstallPeers: true
  excludeLinksFromLockfile: false

importers:

  .:
    dependencies:
      nano-spawn-compat:
        specifier: ^2.0.6
        version: 2.0.6
      outdent:
        specifier: ^0.8.0
        version: 0.8.0
    devDependencies:
      chord-types:
        specifier: ^0.1.0
        version: 0.1.0
      llrt-types:
        specifier: github:awslabs/llrt#path:/types
        version: https://codeload.github.com/awslabs/llrt/tar.gz/a55a2b2ba424d275b0e596380795c6fa86d10cef#path:/types
      typescript:
        specifier: ^6.0.2
        version: 6.0.2

packages:

  ansi-regex@6.2.2:
    resolution: {integrity: sha512-Bq3SmSpyFHaWjPk8If9yc6svM8c56dB5BAtW4Qbw5jHTwwXXcTLoRMkpDJp6VL0XzlWaCHTXrkFURMYmD0sLqg==}
    engines: {node: '>=12'}

  chord-types@0.1.0:
    resolution: {integrity: sha512-M3DtcJgOE7h7JEPtNFHXX6fZ3YNrAUEUtcT4IOHpdKrVCeFbVk6OO6U/zTm09vz7Rzfw2DHWwhaNpywdtY0owA==}

  llrt-types@https://codeload.github.com/awslabs/llrt/tar.gz/a55a2b2ba424d275b0e596380795c6fa86d10cef#path:/types:
    resolution: {path: /types, tarball: https://codeload.github.com/awslabs/llrt/tar.gz/a55a2b2ba424d275b0e596380795c6fa86d10cef}
    version: 0.0.1

  nano-spawn-compat@2.0.6:
    resolution: {integrity: sha512-oy4yzPlwTs8Pfy5QsLf9dFxdRWXVB8BYApVFZCFkmh7oJkreJXLASj4RjGUbz5Nxd+0fY/fDRqco4MzYsK2rrQ==}
    engines: {node: '>=20.17'}

  outdent@0.8.0:
    resolution: {integrity: sha512-KiOAIsdpUTcAXuykya5fnVVT+/5uS0Q1mrkRHcF89tpieSmY33O/tmc54CqwA+bfhbtEfZUNLHaPUiB9X3jt1A==}

  strip-ansi@7.2.0:
    resolution: {integrity: sha512-yDPMNjp4WyfYBkHnjIRLfca1i6KMyGCtsVgoKe/z1+6vukgaENdgGBZt+ZmKPc4gavvEZ5OgHfHdrazhgNyG7w==}
    engines: {node: '>=12'}

  typescript@6.0.2:
    resolution: {integrity: sha512-bGdAIrZ0wiGDo5l8c++HWtbaNCWTS4UTv7RaTH/ThVIgjkveJt83m74bBHMJkuCbslY8ixgLBVZJIOiQlQTjfQ==}
    engines: {node: '>=14.17'}
    hasBin: true

snapshots:

  ansi-regex@6.2.2: {}

  chord-types@0.1.0: {}

  llrt-types@https://codeload.github.com/awslabs/llrt/tar.gz/a55a2b2ba424d275b0e596380795c6fa86d10cef#path:/types: {}

  nano-spawn-compat@2.0.6:
    dependencies:
      strip-ansi: 7.2.0

  outdent@0.8.0: {}

  strip-ansi@7.2.0:
    dependencies:
      ansi-regex: 6.2.2

  typescript@6.0.2: {}
